// !$*UTF8*$!
{
	archiveVersion = 1;
	classes = {
	};
	objectVersion = 56;
	objects = {

/* Begin PBXBuildFile section */
		4EFBD548368EC7DA92DF0255 /* Pods_ESEWA_MARKET.framework in Frameworks */ = {isa = PBXBuildFile; fileRef = 195A9F98B6987CD1C8D2525C /* Pods_ESEWA_MARKET.framework */; };
		B300400C29F8F2E80008BB6E /* CategoriesTableViewCell.swift in Sources */ = {isa = PBXBuildFile; fileRef = B300400B29F8F2E80008BB6E /* CategoriesTableViewCell.swift */; };
		B300401229F9191E0008BB6E /* CategoryCell.swift in Sources */ = {isa = PBXBuildFile; fileRef = B300401129F9191E0008BB6E /* CategoryCell.swift */; };
		B300401429F922440008BB6E /* FeaturedCell.swift in Sources */ = {isa = PBXBuildFile; fileRef = B300401329F922440008BB6E /* FeaturedCell.swift */; };
		B300401629F922590008BB6E /* FeaturedTableViewCell.swift in Sources */ = {isa = PBXBuildFile; fileRef = B300401529F922590008BB6E /* FeaturedTableViewCell.swift */; };
		B300401929FA26300008BB6E /* HotDealsOfTheTableViewCell.swift in Sources */ = {isa = PBXBuildFile; fileRef = B300401829FA26300008BB6E /* HotDealsOfTheTableViewCell.swift */; };
		B300401B29FA268C0008BB6E /* HotDealsCell.swift in Sources */ = {isa = PBXBuildFile; fileRef = B300401A29FA268C0008BB6E /* HotDealsCell.swift */; };
		B300401D29FA2E4B0008BB6E /* PromotionBannerCell.swift in Sources */ = {isa = PBXBuildFile; fileRef = B300401C29FA2E4B0008BB6E /* PromotionBannerCell.swift */; };
		B300401F29FA2EB80008BB6E /* PromotionBannerTableViewCell.swift in Sources */ = {isa = PBXBuildFile; fileRef = B300401E29FA2EB80008BB6E /* PromotionBannerTableViewCell.swift */; };
		B326E80B29F798DF008FEC5B /* ShopBannerTableViewCell.swift in Sources */ = {isa = PBXBuildFile; fileRef = B326E80A29F798DF008FEC5B /* ShopBannerTableViewCell.swift */; };
		B326E80D29F79DD9008FEC5B /* BannerCell.swift in Sources */ = {isa = PBXBuildFile; fileRef = B326E80C29F79DD9008FEC5B /* BannerCell.swift */; };
		B326E83329F7C801008FEC5B /* HomePresenter.swift in Sources */ = {isa = PBXBuildFile; fileRef = B326E83229F7C801008FEC5B /* HomePresenter.swift */; };
		B326E83529F7F856008FEC5B /* BannerModel.swift in Sources */ = {isa = PBXBuildFile; fileRef = B326E83429F7F856008FEC5B /* BannerModel.swift */; };
		B3297ECE29F039D900D5E555 /* CartModel.swift in Sources */ = {isa = PBXBuildFile; fileRef = B3297ECD29F039D900D5E555 /* CartModel.swift */; };
		B3297ED329F13F6D00D5E555 /* Constants.swift in Sources */ = {isa = PBXBuildFile; fileRef = B3297ED229F13F6D00D5E555 /* Constants.swift */; };
		B3297ED529F13FC800D5E555 /* ViewControllerPresenter.swift in Sources */ = {isa = PBXBuildFile; fileRef = B3297ED429F13FC800D5E555 /* ViewControllerPresenter.swift */; };
		B3297ED829F1400500D5E555 /* API.swift in Sources */ = {isa = PBXBuildFile; fileRef = B3297ED729F1400500D5E555 /* API.swift */; };
		B3297EDA29F147ED00D5E555 /* ViewSevice.swift in Sources */ = {isa = PBXBuildFile; fileRef = B3297ED929F147ED00D5E555 /* ViewSevice.swift */; };
		B33C078329F5361A00FDFBD2 /* MyCartViewController.swift in Sources */ = {isa = PBXBuildFile; fileRef = B33C078229F5361A00FDFBD2 /* MyCartViewController.swift */; };
		B36E2F6129F502AC0039031F /* DeletePopUpViewController.swift in Sources */ = {isa = PBXBuildFile; fileRef = B36E2F6029F502AC0039031F /* DeletePopUpViewController.swift */; };
		B36E2F6529F533EA0039031F /* DeleteViewController.swift in Sources */ = {isa = PBXBuildFile; fileRef = B36E2F6429F533EA0039031F /* DeleteViewController.swift */; };
		B3CA02FB29F1A46300D5185B /* HomeViewController.swift in Sources */ = {isa = PBXBuildFile; fileRef = B3CA02FA29F1A46300D5185B /* HomeViewController.swift */; };
		B3CA030129F2B15900D5185B /* ProductDetailViewController.swift in Sources */ = {isa = PBXBuildFile; fileRef = B3CA030029F2B15900D5185B /* ProductDetailViewController.swift */; };
		B3CA030329F2B1C900D5185B /* PhotoTableViewCell.swift in Sources */ = {isa = PBXBuildFile; fileRef = B3CA030229F2B1C900D5185B /* PhotoTableViewCell.swift */; };
		B3CA030529F2B1E400D5185B /* PhotoCollectionViewCell.swift in Sources */ = {isa = PBXBuildFile; fileRef = B3CA030429F2B1E400D5185B /* PhotoCollectionViewCell.swift */; };
		B3CA030929F2B2A300D5185B /* ProductModel.swift in Sources */ = {isa = PBXBuildFile; fileRef = B3CA030829F2B2A300D5185B /* ProductModel.swift */; };
		B3D51CDE29EE847900435BB3 /* AppDelegate.swift in Sources */ = {isa = PBXBuildFile; fileRef = B3D51CDD29EE847900435BB3 /* AppDelegate.swift */; };
		B3D51CE029EE847900435BB3 /* SceneDelegate.swift in Sources */ = {isa = PBXBuildFile; fileRef = B3D51CDF29EE847900435BB3 /* SceneDelegate.swift */; };
		B3D51CE729EE847A00435BB3 /* Assets.xcassets in Resources */ = {isa = PBXBuildFile; fileRef = B3D51CE629EE847A00435BB3 /* Assets.xcassets */; };
		B3D51CEA29EE847A00435BB3 /* LaunchScreen.storyboard in Resources */ = {isa = PBXBuildFile; fileRef = B3D51CE829EE847A00435BB3 /* LaunchScreen.storyboard */; };
		B3D51CF229EE87D200435BB3 /* CustomTableViewCell.swift in Sources */ = {isa = PBXBuildFile; fileRef = B3D51CF129EE87D200435BB3 /* CustomTableViewCell.swift */; };
/* End PBXBuildFile section */

/* Begin PBXFileReference section */
		195A9F98B6987CD1C8D2525C /* Pods_ESEWA_MARKET.framework */ = {isa = PBXFileReference; explicitFileType = wrapper.framework; includeInIndex = 0; path = Pods_ESEWA_MARKET.framework; sourceTree = BUILT_PRODUCTS_DIR; };
		390F224346BA22E2CE91BAA8 /* Pods-ESEWA MARKET.debug.xcconfig */ = {isa = PBXFileReference; includeInIndex = 1; lastKnownFileType = text.xcconfig; name = "Pods-ESEWA MARKET.debug.xcconfig"; path = "Target Support Files/Pods-ESEWA MARKET/Pods-ESEWA MARKET.debug.xcconfig"; sourceTree = "<group>"; };
		B300400B29F8F2E80008BB6E /* CategoriesTableViewCell.swift */ = {isa = PBXFileReference; lastKnownFileType = sourcecode.swift; path = CategoriesTableViewCell.swift; sourceTree = "<group>"; };
		B300401129F9191E0008BB6E /* CategoryCell.swift */ = {isa = PBXFileReference; lastKnownFileType = sourcecode.swift; path = CategoryCell.swift; sourceTree = "<group>"; };
		B300401329F922440008BB6E /* FeaturedCell.swift */ = {isa = PBXFileReference; lastKnownFileType = sourcecode.swift; path = FeaturedCell.swift; sourceTree = "<group>"; };
		B300401529F922590008BB6E /* FeaturedTableViewCell.swift */ = {isa = PBXFileReference; lastKnownFileType = sourcecode.swift; path = FeaturedTableViewCell.swift; sourceTree = "<group>"; };
		B300401829FA26300008BB6E /* HotDealsOfTheTableViewCell.swift */ = {isa = PBXFileReference; lastKnownFileType = sourcecode.swift; path = HotDealsOfTheTableViewCell.swift; sourceTree = "<group>"; };
		B300401A29FA268C0008BB6E /* HotDealsCell.swift */ = {isa = PBXFileReference; lastKnownFileType = sourcecode.swift; path = HotDealsCell.swift; sourceTree = "<group>"; };
		B300401C29FA2E4B0008BB6E /* PromotionBannerCell.swift */ = {isa = PBXFileReference; lastKnownFileType = sourcecode.swift; path = PromotionBannerCell.swift; sourceTree = "<group>"; };
		B300401E29FA2EB80008BB6E /* PromotionBannerTableViewCell.swift */ = {isa = PBXFileReference; lastKnownFileType = sourcecode.swift; path = PromotionBannerTableViewCell.swift; sourceTree = "<group>"; };
		B326E80A29F798DF008FEC5B /* ShopBannerTableViewCell.swift */ = {isa = PBXFileReference; lastKnownFileType = sourcecode.swift; path = ShopBannerTableViewCell.swift; sourceTree = "<group>"; };
		B326E80C29F79DD9008FEC5B /* BannerCell.swift */ = {isa = PBXFileReference; lastKnownFileType = sourcecode.swift; path = BannerCell.swift; sourceTree = "<group>"; };
		B326E83229F7C801008FEC5B /* HomePresenter.swift */ = {isa = PBXFileReference; lastKnownFileType = sourcecode.swift; path = HomePresenter.swift; sourceTree = "<group>"; };
		B326E83429F7F856008FEC5B /* BannerModel.swift */ = {isa = PBXFileReference; lastKnownFileType = sourcecode.swift; path = BannerModel.swift; sourceTree = "<group>"; };
		B3297ECD29F039D900D5E555 /* CartModel.swift */ = {isa = PBXFileReference; lastKnownFileType = sourcecode.swift; path = CartModel.swift; sourceTree = "<group>"; };
		B3297ED229F13F6D00D5E555 /* Constants.swift */ = {isa = PBXFileReference; lastKnownFileType = sourcecode.swift; path = Constants.swift; sourceTree = "<group>"; };
		B3297ED429F13FC800D5E555 /* ViewControllerPresenter.swift */ = {isa = PBXFileReference; lastKnownFileType = sourcecode.swift; path = ViewControllerPresenter.swift; sourceTree = "<group>"; };
		B3297ED729F1400500D5E555 /* API.swift */ = {isa = PBXFileReference; lastKnownFileType = sourcecode.swift; path = API.swift; sourceTree = "<group>"; };
		B3297ED929F147ED00D5E555 /* ViewSevice.swift */ = {isa = PBXFileReference; lastKnownFileType = sourcecode.swift; path = ViewSevice.swift; sourceTree = "<group>"; };
		B33C078229F5361A00FDFBD2 /* MyCartViewController.swift */ = {isa = PBXFileReference; lastKnownFileType = sourcecode.swift; path = MyCartViewController.swift; sourceTree = "<group>"; };
		B36E2F6029F502AC0039031F /* DeletePopUpViewController.swift */ = {isa = PBXFileReference; lastKnownFileType = sourcecode.swift; path = DeletePopUpViewController.swift; sourceTree = "<group>"; };
		B36E2F6429F533EA0039031F /* DeleteViewController.swift */ = {isa = PBXFileReference; lastKnownFileType = sourcecode.swift; path = DeleteViewController.swift; sourceTree = "<group>"; };
		B3CA02FA29F1A46300D5185B /* HomeViewController.swift */ = {isa = PBXFileReference; lastKnownFileType = sourcecode.swift; path = HomeViewController.swift; sourceTree = "<group>"; };
		B3CA030029F2B15900D5185B /* ProductDetailViewController.swift */ = {isa = PBXFileReference; lastKnownFileType = sourcecode.swift; path = ProductDetailViewController.swift; sourceTree = "<group>"; };
		B3CA030229F2B1C900D5185B /* PhotoTableViewCell.swift */ = {isa = PBXFileReference; lastKnownFileType = sourcecode.swift; path = PhotoTableViewCell.swift; sourceTree = "<group>"; };
		B3CA030429F2B1E400D5185B /* PhotoCollectionViewCell.swift */ = {isa = PBXFileReference; lastKnownFileType = sourcecode.swift; path = PhotoCollectionViewCell.swift; sourceTree = "<group>"; };
		B3CA030829F2B2A300D5185B /* ProductModel.swift */ = {isa = PBXFileReference; lastKnownFileType = sourcecode.swift; path = ProductModel.swift; sourceTree = "<group>"; };
		B3D51CDA29EE847900435BB3 /* ESEWA MARKET.app */ = {isa = PBXFileReference; explicitFileType = wrapper.application; includeInIndex = 0; path = "ESEWA MARKET.app"; sourceTree = BUILT_PRODUCTS_DIR; };
		B3D51CDD29EE847900435BB3 /* AppDelegate.swift */ = {isa = PBXFileReference; lastKnownFileType = sourcecode.swift; path = AppDelegate.swift; sourceTree = "<group>"; };
		B3D51CDF29EE847900435BB3 /* SceneDelegate.swift */ = {isa = PBXFileReference; lastKnownFileType = sourcecode.swift; path = SceneDelegate.swift; sourceTree = "<group>"; };
		B3D51CE629EE847A00435BB3 /* Assets.xcassets */ = {isa = PBXFileReference; lastKnownFileType = folder.assetcatalog; path = Assets.xcassets; sourceTree = "<group>"; };
		B3D51CE929EE847A00435BB3 /* Base */ = {isa = PBXFileReference; lastKnownFileType = file.storyboard; name = Base; path = Base.lproj/LaunchScreen.storyboard; sourceTree = "<group>"; };
		B3D51CEB29EE847A00435BB3 /* Info.plist */ = {isa = PBXFileReference; lastKnownFileType = text.plist.xml; path = Info.plist; sourceTree = "<group>"; };
		B3D51CF129EE87D200435BB3 /* CustomTableViewCell.swift */ = {isa = PBXFileReference; lastKnownFileType = sourcecode.swift; path = CustomTableViewCell.swift; sourceTree = "<group>"; };
		CF52573F1B21AE1A9504D2CE /* Pods-ESEWA MARKET.release.xcconfig */ = {isa = PBXFileReference; includeInIndex = 1; lastKnownFileType = text.xcconfig; name = "Pods-ESEWA MARKET.release.xcconfig"; path = "Target Support Files/Pods-ESEWA MARKET/Pods-ESEWA MARKET.release.xcconfig"; sourceTree = "<group>"; };
/* End PBXFileReference section */

/* Begin PBXFrameworksBuildPhase section */
		B3D51CD729EE847900435BB3 /* Frameworks */ = {
			isa = PBXFrameworksBuildPhase;
			buildActionMask = 2147483647;
			files = (
				4EFBD548368EC7DA92DF0255 /* Pods_ESEWA_MARKET.framework in Frameworks */,
			);
			runOnlyForDeploymentPostprocessing = 0;
		};
/* End PBXFrameworksBuildPhase section */

/* Begin PBXGroup section */
		0070EFB0593091A1D9D80F82 /* Pods */ = {
			isa = PBXGroup;
			children = (
				390F224346BA22E2CE91BAA8 /* Pods-ESEWA MARKET.debug.xcconfig */,
				CF52573F1B21AE1A9504D2CE /* Pods-ESEWA MARKET.release.xcconfig */,
			);
			path = Pods;
			sourceTree = "<group>";
		};
		41767C8EEEE4877F78AABFB5 /* Frameworks */ = {
			isa = PBXGroup;
			children = (
				195A9F98B6987CD1C8D2525C /* Pods_ESEWA_MARKET.framework */,
			);
			name = Frameworks;
			sourceTree = "<group>";
		};
		B300401729FA0FAC0008BB6E /* View */ = {
			isa = PBXGroup;
			children = (
				B3CA030729F2B26B00D5185B /* Cell */,
			);
			path = View;
			sourceTree = "<group>";
		};
		B326E83629F8B81E008FEC5B /* Presenter */ = {
			isa = PBXGroup;
			children = (
				B326E83229F7C801008FEC5B /* HomePresenter.swift */,
			);
			path = Presenter;
			sourceTree = "<group>";
		};
		B326E83729F8B82A008FEC5B /* Model */ = {
			isa = PBXGroup;
			children = (
				B326E83429F7F856008FEC5B /* BannerModel.swift */,
			);
			path = Model;
			sourceTree = "<group>";
		};
		B326E83829F8D2B8008FEC5B /* App */ = {
			isa = PBXGroup;
			children = (
				B3D51CDD29EE847900435BB3 /* AppDelegate.swift */,
				B3D51CDF29EE847900435BB3 /* SceneDelegate.swift */,
			);
			path = App;
			sourceTree = "<group>";
		};
		B3297EC929F038C300D5E555 /* Cart */ = {
			isa = PBXGroup;
			children = (
				B3297ECC29F038F100D5E555 /* Presenter */,
				B3297ECB29F038E200D5E555 /* Model */,
				B3297ECA29F038D500D5E555 /* View */,
			);
			path = Cart;
			sourceTree = "<group>";
		};
		B3297ECA29F038D500D5E555 /* View */ = {
			isa = PBXGroup;
			children = (
				B3D51CF129EE87D200435BB3 /* CustomTableViewCell.swift */,
				B33C078229F5361A00FDFBD2 /* MyCartViewController.swift */,
				B36E2F6029F502AC0039031F /* DeletePopUpViewController.swift */,
			);
			path = View;
			sourceTree = "<group>";
		};
		B3297ECB29F038E200D5E555 /* Model */ = {
			isa = PBXGroup;
			children = (
				B3297ECD29F039D900D5E555 /* CartModel.swift */,
			);
			path = Model;
			sourceTree = "<group>";
		};
		B3297ECC29F038F100D5E555 /* Presenter */ = {
			isa = PBXGroup;
			children = (
				B3297ED429F13FC800D5E555 /* ViewControllerPresenter.swift */,
				B3297ED929F147ED00D5E555 /* ViewSevice.swift */,
			);
			path = Presenter;
			sourceTree = "<group>";
		};
		B3297ED129F13F6200D5E555 /* Resources */ = {
			isa = PBXGroup;
			children = (
				B3D51CE629EE847A00435BB3 /* Assets.xcassets */,
				B3D51CE829EE847A00435BB3 /* LaunchScreen.storyboard */,
				B3297ED229F13F6D00D5E555 /* Constants.swift */,
				B3297ED729F1400500D5E555 /* API.swift */,
			);
			path = Resources;
			sourceTree = "<group>";
		};
		B36087D429F643EC00A6B971 /* View */ = {
			isa = PBXGroup;
			children = (
				B3CA02FA29F1A46300D5185B /* HomeViewController.swift */,
				B326E80C29F79DD9008FEC5B /* BannerCell.swift */,
				B326E80A29F798DF008FEC5B /* ShopBannerTableViewCell.swift */,
				B300400B29F8F2E80008BB6E /* CategoriesTableViewCell.swift */,
				B300401129F9191E0008BB6E /* CategoryCell.swift */,
				B300401329F922440008BB6E /* FeaturedCell.swift */,
				B300401529F922590008BB6E /* FeaturedTableViewCell.swift */,
				B300401829FA26300008BB6E /* HotDealsOfTheTableViewCell.swift */,
				B300401A29FA268C0008BB6E /* HotDealsCell.swift */,
				B300401C29FA2E4B0008BB6E /* PromotionBannerCell.swift */,
				B300401E29FA2EB80008BB6E /* PromotionBannerTableViewCell.swift */,
			);
			path = View;
			sourceTree = "<group>";
		};
		B3CA02F929F1A42F00D5185B /* Home */ = {
			isa = PBXGroup;
			children = (
				B326E83729F8B82A008FEC5B /* Model */,
				B326E83629F8B81E008FEC5B /* Presenter */,
				B36087D429F643EC00A6B971 /* View */,
			);
			path = Home;
			sourceTree = "<group>";
		};
		B3CA02FF29F2B0E500D5185B /* ProductDetail */ = {
			isa = PBXGroup;
			children = (
				B300401729FA0FAC0008BB6E /* View */,
				B3CA030029F2B15900D5185B /* ProductDetailViewController.swift */,
				B3CA030629F2B26400D5185B /* Model */,
			);
			path = ProductDetail;
			sourceTree = "<group>";
		};
		B3CA030629F2B26400D5185B /* Model */ = {
			isa = PBXGroup;
			children = (
				B3CA030829F2B2A300D5185B /* ProductModel.swift */,
			);
			path = Model;
			sourceTree = "<group>";
		};
		B3CA030729F2B26B00D5185B /* Cell */ = {
			isa = PBXGroup;
			children = (
				B3CA030429F2B1E400D5185B /* PhotoCollectionViewCell.swift */,
				B3CA030229F2B1C900D5185B /* PhotoTableViewCell.swift */,
			);
			path = Cell;
			sourceTree = "<group>";
		};
		B3D51CD129EE847900435BB3 = {
			isa = PBXGroup;
			children = (
				B3D51CDC29EE847900435BB3 /* ESEWA MARKET */,
				B3D51CDB29EE847900435BB3 /* Products */,
				0070EFB0593091A1D9D80F82 /* Pods */,
				41767C8EEEE4877F78AABFB5 /* Frameworks */,
			);
			sourceTree = "<group>";
		};
		B3D51CDB29EE847900435BB3 /* Products */ = {
			isa = PBXGroup;
			children = (
				B3D51CDA29EE847900435BB3 /* ESEWA MARKET.app */,
			);
			name = Products;
			sourceTree = "<group>";
		};
		B3D51CDC29EE847900435BB3 /* ESEWA MARKET */ = {
			isa = PBXGroup;
			children = (
				B3CA02F929F1A42F00D5185B /* Home */,
				B3CA02FF29F2B0E500D5185B /* ProductDetail */,
				B3297EC929F038C300D5E555 /* Cart */,
				B36E2F6429F533EA0039031F /* DeleteViewController.swift */,
				B3D51CEB29EE847A00435BB3 /* Info.plist */,
				B3297ED129F13F6200D5E555 /* Resources */,
				B326E83829F8D2B8008FEC5B /* App */,
			);
			path = "ESEWA MARKET";
			sourceTree = "<group>";
		};
/* End PBXGroup section */

/* Begin PBXNativeTarget section */
		B3D51CD929EE847900435BB3 /* ESEWA MARKET */ = {
			isa = PBXNativeTarget;
			buildConfigurationList = B3D51CEE29EE847A00435BB3 /* Build configuration list for PBXNativeTarget "ESEWA MARKET" */;
			buildPhases = (
				AB515E07044E76C2B337A882 /* [CP] Check Pods Manifest.lock */,
				B3D51CD629EE847900435BB3 /* Sources */,
				B3D51CD729EE847900435BB3 /* Frameworks */,
				B3D51CD829EE847900435BB3 /* Resources */,
				3AEFBB176CE2C9E3558E6826 /* [CP] Embed Pods Frameworks */,
			);
			buildRules = (
			);
			dependencies = (
			);
			name = "ESEWA MARKET";
			productName = "ESEWA MARKET";
			productReference = B3D51CDA29EE847900435BB3 /* ESEWA MARKET.app */;
			productType = "com.apple.product-type.application";
		};
/* End PBXNativeTarget section */

/* Begin PBXProject section */
		B3D51CD229EE847900435BB3 /* Project object */ = {
			isa = PBXProject;
			attributes = {
				BuildIndependentTargetsInParallel = 1;
				LastSwiftUpdateCheck = 1430;
				LastUpgradeCheck = 1430;
				TargetAttributes = {
					B3D51CD929EE847900435BB3 = {
						CreatedOnToolsVersion = 14.3;
					};
				};
			};
			buildConfigurationList = B3D51CD529EE847900435BB3 /* Build configuration list for PBXProject "ESEWA MARKET" */;
			compatibilityVersion = "Xcode 14.0";
			developmentRegion = en;
			hasScannedForEncodings = 0;
			knownRegions = (
				en,
				Base,
			);
			mainGroup = B3D51CD129EE847900435BB3;
			productRefGroup = B3D51CDB29EE847900435BB3 /* Products */;
			projectDirPath = "";
			projectRoot = "";
			targets = (
				B3D51CD929EE847900435BB3 /* ESEWA MARKET */,
			);
		};
/* End PBXProject section */

/* Begin PBXResourcesBuildPhase section */
		B3D51CD829EE847900435BB3 /* Resources */ = {
			isa = PBXResourcesBuildPhase;
			buildActionMask = 2147483647;
			files = (
				B3D51CEA29EE847A00435BB3 /* LaunchScreen.storyboard in Resources */,
				B3D51CE729EE847A00435BB3 /* Assets.xcassets in Resources */,
			);
			runOnlyForDeploymentPostprocessing = 0;
		};
/* End PBXResourcesBuildPhase section */

/* Begin PBXShellScriptBuildPhase section */
		3AEFBB176CE2C9E3558E6826 /* [CP] Embed Pods Frameworks */ = {
			isa = PBXShellScriptBuildPhase;
			buildActionMask = 2147483647;
			files = (
			);
			inputFileListPaths = (
				"${PODS_ROOT}/Target Support Files/Pods-ESEWA MARKET/Pods-ESEWA MARKET-frameworks-${CONFIGURATION}-input-files.xcfilelist",
			);
			name = "[CP] Embed Pods Frameworks";
			outputFileListPaths = (
				"${PODS_ROOT}/Target Support Files/Pods-ESEWA MARKET/Pods-ESEWA MARKET-frameworks-${CONFIGURATION}-output-files.xcfilelist",
			);
			runOnlyForDeploymentPostprocessing = 0;
			shellPath = /bin/sh;
			shellScript = "\"${PODS_ROOT}/Target Support Files/Pods-ESEWA MARKET/Pods-ESEWA MARKET-frameworks.sh\"\n";
			showEnvVarsInLog = 0;
		};
		AB515E07044E76C2B337A882 /* [CP] Check Pods Manifest.lock */ = {
			isa = PBXShellScriptBuildPhase;
			buildActionMask = 2147483647;
			files = (
			);
			inputFileListPaths = (
			);
			inputPaths = (
				"${PODS_PODFILE_DIR_PATH}/Podfile.lock",
				"${PODS_ROOT}/Manifest.lock",
			);
			name = "[CP] Check Pods Manifest.lock";
			outputFileListPaths = (
			);
			outputPaths = (
				"$(DERIVED_FILE_DIR)/Pods-ESEWA MARKET-checkManifestLockResult.txt",
			);
			runOnlyForDeploymentPostprocessing = 0;
			shellPath = /bin/sh;
			shellScript = "diff \"${PODS_PODFILE_DIR_PATH}/Podfile.lock\" \"${PODS_ROOT}/Manifest.lock\" > /dev/null\nif [ $? != 0 ] ; then\n    # print error to STDERR\n    echo \"error: The sandbox is not in sync with the Podfile.lock. Run 'pod install' or update your CocoaPods installation.\" >&2\n    exit 1\nfi\n# This output is used by Xcode 'outputs' to avoid re-running this script phase.\necho \"SUCCESS\" > \"${SCRIPT_OUTPUT_FILE_0}\"\n";
			showEnvVarsInLog = 0;
		};
/* End PBXShellScriptBuildPhase section */

/* Begin PBXSourcesBuildPhase section */
		B3D51CD629EE847900435BB3 /* Sources */ = {
			isa = PBXSourcesBuildPhase;
			buildActionMask = 2147483647;
			files = (
				B3297ED529F13FC800D5E555 /* ViewControllerPresenter.swift in Sources */,
				B300401F29FA2EB80008BB6E /* PromotionBannerTableViewCell.swift in Sources */,
				B3CA030529F2B1E400D5185B /* PhotoCollectionViewCell.swift in Sources */,
				B3297ECE29F039D900D5E555 /* CartModel.swift in Sources */,
				B326E83329F7C801008FEC5B /* HomePresenter.swift in Sources */,
				B3297EDA29F147ED00D5E555 /* ViewSevice.swift in Sources */,
				B300400C29F8F2E80008BB6E /* CategoriesTableViewCell.swift in Sources */,
				B3CA02FB29F1A46300D5185B /* HomeViewController.swift in Sources */,
				B36E2F6129F502AC0039031F /* DeletePopUpViewController.swift in Sources */,
				B3CA030929F2B2A300D5185B /* ProductModel.swift in Sources */,
				B36E2F6529F533EA0039031F /* DeleteViewController.swift in Sources */,
				B326E83529F7F856008FEC5B /* BannerModel.swift in Sources */,
				B300401B29FA268C0008BB6E /* HotDealsCell.swift in Sources */,
				B3D51CDE29EE847900435BB3 /* AppDelegate.swift in Sources */,
				B300401429F922440008BB6E /* FeaturedCell.swift in Sources */,
				B3D51CE029EE847900435BB3 /* SceneDelegate.swift in Sources */,
				B3CA030129F2B15900D5185B /* ProductDetailViewController.swift in Sources */,
				B300401D29FA2E4B0008BB6E /* PromotionBannerCell.swift in Sources */,
				B3CA030329F2B1C900D5185B /* PhotoTableViewCell.swift in Sources */,
				B326E80B29F798DF008FEC5B /* ShopBannerTableViewCell.swift in Sources */,
				B300401629F922590008BB6E /* FeaturedTableViewCell.swift in Sources */,
				B3D51CF229EE87D200435BB3 /* CustomTableViewCell.swift in Sources */,
				B3297ED829F1400500D5E555 /* API.swift in Sources */,
				B33C078329F5361A00FDFBD2 /* MyCartViewController.swift in Sources */,
				B300401929FA26300008BB6E /* HotDealsOfTheTableViewCell.swift in Sources */,
				B3297ED329F13F6D00D5E555 /* Constants.swift in Sources */,
				B326E80D29F79DD9008FEC5B /* BannerCell.swift in Sources */,
				B300401229F9191E0008BB6E /* CategoryCell.swift in Sources */,
			);
			runOnlyForDeploymentPostprocessing = 0;
		};
/* End PBXSourcesBuildPhase section */

/* Begin PBXVariantGroup section */
		B3D51CE829EE847A00435BB3 /* LaunchScreen.storyboard */ = {
			isa = PBXVariantGroup;
			children = (
				B3D51CE929EE847A00435BB3 /* Base */,
			);
			name = LaunchScreen.storyboard;
			sourceTree = "<group>";
		};
/* End PBXVariantGroup section */

/* Begin XCBuildConfiguration section */
		B3D51CEC29EE847A00435BB3 /* Debug */ = {
			isa = XCBuildConfiguration;
			buildSettings = {
				ALWAYS_SEARCH_USER_PATHS = NO;
				CLANG_ANALYZER_NONNULL = YES;
				CLANG_ANALYZER_NUMBER_OBJECT_CONVERSION = YES_AGGRESSIVE;
				CLANG_CXX_LANGUAGE_STANDARD = "gnu++20";
				CLANG_ENABLE_MODULES = YES;
				CLANG_ENABLE_OBJC_ARC = YES;
				CLANG_ENABLE_OBJC_WEAK = YES;
				CLANG_WARN_BLOCK_CAPTURE_AUTORELEASING = YES;
				CLANG_WARN_BOOL_CONVERSION = YES;
				CLANG_WARN_COMMA = YES;
				CLANG_WARN_CONSTANT_CONVERSION = YES;
				CLANG_WARN_DEPRECATED_OBJC_IMPLEMENTATIONS = YES;
				CLANG_WARN_DIRECT_OBJC_ISA_USAGE = YES_ERROR;
				CLANG_WARN_DOCUMENTATION_COMMENTS = YES;
				CLANG_WARN_EMPTY_BODY = YES;
				CLANG_WARN_ENUM_CONVERSION = YES;
				CLANG_WARN_INFINITE_RECURSION = YES;
				CLANG_WARN_INT_CONVERSION = YES;
				CLANG_WARN_NON_LITERAL_NULL_CONVERSION = YES;
				CLANG_WARN_OBJC_IMPLICIT_RETAIN_SELF = YES;
				CLANG_WARN_OBJC_LITERAL_CONVERSION = YES;
				CLANG_WARN_OBJC_ROOT_CLASS = YES_ERROR;
				CLANG_WARN_QUOTED_INCLUDE_IN_FRAMEWORK_HEADER = YES;
				CLANG_WARN_RANGE_LOOP_ANALYSIS = YES;
				CLANG_WARN_STRICT_PROTOTYPES = YES;
				CLANG_WARN_SUSPICIOUS_MOVE = YES;
				CLANG_WARN_UNGUARDED_AVAILABILITY = YES_AGGRESSIVE;
				CLANG_WARN_UNREACHABLE_CODE = YES;
				CLANG_WARN__DUPLICATE_METHOD_MATCH = YES;
				COPY_PHASE_STRIP = NO;
				DEBUG_INFORMATION_FORMAT = dwarf;
				ENABLE_STRICT_OBJC_MSGSEND = YES;
				ENABLE_TESTABILITY = YES;
				GCC_C_LANGUAGE_STANDARD = gnu11;
				GCC_DYNAMIC_NO_PIC = NO;
				GCC_NO_COMMON_BLOCKS = YES;
				GCC_OPTIMIZATION_LEVEL = 0;
				GCC_PREPROCESSOR_DEFINITIONS = (
					"DEBUG=1",
					"$(inherited)",
				);
				GCC_WARN_64_TO_32_BIT_CONVERSION = YES;
				GCC_WARN_ABOUT_RETURN_TYPE = YES_ERROR;
				GCC_WARN_UNDECLARED_SELECTOR = YES;
				GCC_WARN_UNINITIALIZED_AUTOS = YES_AGGRESSIVE;
				GCC_WARN_UNUSED_FUNCTION = YES;
				GCC_WARN_UNUSED_VARIABLE = YES;
				IPHONEOS_DEPLOYMENT_TARGET = 16.4;
				MTL_ENABLE_DEBUG_INFO = INCLUDE_SOURCE;
				MTL_FAST_MATH = YES;
				ONLY_ACTIVE_ARCH = YES;
				SDKROOT = iphoneos;
				SWIFT_ACTIVE_COMPILATION_CONDITIONS = DEBUG;
				SWIFT_OPTIMIZATION_LEVEL = "-Onone";
			};
			name = Debug;
		};
		B3D51CED29EE847A00435BB3 /* Release */ = {
			isa = XCBuildConfiguration;
			buildSettings = {
				ALWAYS_SEARCH_USER_PATHS = NO;
				CLANG_ANALYZER_NONNULL = YES;
				CLANG_ANALYZER_NUMBER_OBJECT_CONVERSION = YES_AGGRESSIVE;
				CLANG_CXX_LANGUAGE_STANDARD = "gnu++20";
				CLANG_ENABLE_MODULES = YES;
				CLANG_ENABLE_OBJC_ARC = YES;
				CLANG_ENABLE_OBJC_WEAK = YES;
				CLANG_WARN_BLOCK_CAPTURE_AUTORELEASING = YES;
				CLANG_WARN_BOOL_CONVERSION = YES;
				CLANG_WARN_COMMA = YES;
				CLANG_WARN_CONSTANT_CONVERSION = YES;
				CLANG_WARN_DEPRECATED_OBJC_IMPLEMENTATIONS = YES;
				CLANG_WARN_DIRECT_OBJC_ISA_USAGE = YES_ERROR;
				CLANG_WARN_DOCUMENTATION_COMMENTS = YES;
				CLANG_WARN_EMPTY_BODY = YES;
				CLANG_WARN_ENUM_CONVERSION = YES;
				CLANG_WARN_INFINITE_RECURSION = YES;
				CLANG_WARN_INT_CONVERSION = YES;
				CLANG_WARN_NON_LITERAL_NULL_CONVERSION = YES;
				CLANG_WARN_OBJC_IMPLICIT_RETAIN_SELF = YES;
				CLANG_WARN_OBJC_LITERAL_CONVERSION = YES;
				CLANG_WARN_OBJC_ROOT_CLASS = YES_ERROR;
				CLANG_WARN_QUOTED_INCLUDE_IN_FRAMEWORK_HEADER = YES;
				CLANG_WARN_RANGE_LOOP_ANALYSIS = YES;
				CLANG_WARN_STRICT_PROTOTYPES = YES;
				CLANG_WARN_SUSPICIOUS_MOVE = YES;
				CLANG_WARN_UNGUARDED_AVAILABILITY = YES_AGGRESSIVE;
				CLANG_WARN_UNREACHABLE_CODE = YES;
				CLANG_WARN__DUPLICATE_METHOD_MATCH = YES;
				COPY_PHASE_STRIP = NO;
				DEBUG_INFORMATION_FORMAT = "dwarf-with-dsym";
				ENABLE_NS_ASSERTIONS = NO;
				ENABLE_STRICT_OBJC_MSGSEND = YES;
				GCC_C_LANGUAGE_STANDARD = gnu11;
				GCC_NO_COMMON_BLOCKS = YES;
				GCC_WARN_64_TO_32_BIT_CONVERSION = YES;
				GCC_WARN_ABOUT_RETURN_TYPE = YES_ERROR;
				GCC_WARN_UNDECLARED_SELECTOR = YES;
				GCC_WARN_UNINITIALIZED_AUTOS = YES_AGGRESSIVE;
				GCC_WARN_UNUSED_FUNCTION = YES;
				GCC_WARN_UNUSED_VARIABLE = YES;
				IPHONEOS_DEPLOYMENT_TARGET = 16.4;
				MTL_ENABLE_DEBUG_INFO = NO;
				MTL_FAST_MATH = YES;
				SDKROOT = iphoneos;
				SWIFT_COMPILATION_MODE = wholemodule;
				SWIFT_OPTIMIZATION_LEVEL = "-O";
				VALIDATE_PRODUCT = YES;
			};
			name = Release;
		};
		B3D51CEF29EE847A00435BB3 /* Debug */ = {
			isa = XCBuildConfiguration;
			baseConfigurationReference = 390F224346BA22E2CE91BAA8 /* Pods-ESEWA MARKET.debug.xcconfig */;
			buildSettings = {
				ASSETCATALOG_COMPILER_APPICON_NAME = AppIcon;
				ASSETCATALOG_COMPILER_GLOBAL_ACCENT_COLOR_NAME = AccentColor;
				CODE_SIGN_STYLE = Automatic;
				CURRENT_PROJECT_VERSION = 1;
				DEVELOPMENT_TEAM = 28HUT9JV7B;
				GENERATE_INFOPLIST_FILE = YES;
				INFOPLIST_FILE = "ESEWA MARKET/Info.plist";
				INFOPLIST_KEY_UIApplicationSupportsIndirectInputEvents = YES;
				INFOPLIST_KEY_UILaunchStoryboardName = LaunchScreen;
				INFOPLIST_KEY_UISupportedInterfaceOrientations_iPad = "UIInterfaceOrientationPortrait UIInterfaceOrientationPortraitUpsideDown UIInterfaceOrientationLandscapeLeft UIInterfaceOrientationLandscapeRight";
				INFOPLIST_KEY_UISupportedInterfaceOrientations_iPhone = "UIInterfaceOrientationPortrait UIInterfaceOrientationLandscapeLeft UIInterfaceOrientationLandscapeRight";
				LD_RUNPATH_SEARCH_PATHS = (
					"$(inherited)",
					"@executable_path/Frameworks",
				);
				MARKETING_VERSION = 1.0;
				PRODUCT_BUNDLE_IDENTIFIER = "com.kirangurung.ESEWA-MARKET";
				PRODUCT_NAME = "$(TARGET_NAME)";
				SWIFT_EMIT_LOC_STRINGS = YES;
				SWIFT_VERSION = 5.0;
				TARGETED_DEVICE_FAMILY = "1,2";
			};
			name = Debug;
		};
		B3D51CF029EE847A00435BB3 /* Release */ = {
			isa = XCBuildConfiguration;
			baseConfigurationReference = CF52573F1B21AE1A9504D2CE /* Pods-ESEWA MARKET.release.xcconfig */;
			buildSettings = {
				ASSETCATALOG_COMPILER_APPICON_NAME = AppIcon;
				ASSETCATALOG_COMPILER_GLOBAL_ACCENT_COLOR_NAME = AccentColor;
				CODE_SIGN_STYLE = Automatic;
				CURRENT_PROJECT_VERSION = 1;
				DEVELOPMENT_TEAM = 28HUT9JV7B;
				GENERATE_INFOPLIST_FILE = YES;
				INFOPLIST_FILE = "ESEWA MARKET/Info.plist";
				INFOPLIST_KEY_UIApplicationSupportsIndirectInputEvents = YES;
				INFOPLIST_KEY_UILaunchStoryboardName = LaunchScreen;
				INFOPLIST_KEY_UISupportedInterfaceOrientations_iPad = "UIInterfaceOrientationPortrait UIInterfaceOrientationPortraitUpsideDown UIInterfaceOrientationLandscapeLeft UIInterfaceOrientationLandscapeRight";
				INFOPLIST_KEY_UISupportedInterfaceOrientations_iPhone = "UIInterfaceOrientationPortrait UIInterfaceOrientationLandscapeLeft UIInterfaceOrientationLandscapeRight";
				LD_RUNPATH_SEARCH_PATHS = (
					"$(inherited)",
					"@executable_path/Frameworks",
				);
				MARKETING_VERSION = 1.0;
				PRODUCT_BUNDLE_IDENTIFIER = "com.kirangurung.ESEWA-MARKET";
				PRODUCT_NAME = "$(TARGET_NAME)";
				SWIFT_EMIT_LOC_STRINGS = YES;
				SWIFT_VERSION = 5.0;
				TARGETED_DEVICE_FAMILY = "1,2";
			};
			name = Release;
		};
/* End XCBuildConfiguration section */

/* Begin XCConfigurationList section */
		B3D51CD529EE847900435BB3 /* Build configuration list for PBXProject "ESEWA MARKET" */ = {
			isa = XCConfigurationList;
			buildConfigurations = (
				B3D51CEC29EE847A00435BB3 /* Debug */,
				B3D51CED29EE847A00435BB3 /* Release */,
			);
			defaultConfigurationIsVisible = 0;
			defaultConfigurationName = Release;
		};
		B3D51CEE29EE847A00435BB3 /* Build configuration list for PBXNativeTarget "ESEWA MARKET" */ = {
			isa = XCConfigurationList;
			buildConfigurations = (
				B3D51CEF29EE847A00435BB3 /* Debug */,
				B3D51CF029EE847A00435BB3 /* Release */,
			);
			defaultConfigurationIsVisible = 0;
			defaultConfigurationName = Release;
		};
/* End XCConfigurationList section */
	};
	rootObject = B3D51CD229EE847900435BB3 /* Project object */;
}
